// !$*UTF8*$!
{
	archiveVersion = 1;
	classes = {
	};
	objectVersion = 50;
	objects = {

/* Begin PBXBuildFile section */
		8B3271A9229A5E3D005FCBB7 /* AppDelegate.swift in Sources */ = {isa = PBXBuildFile; fileRef = 8B3271A8229A5E3D005FCBB7 /* AppDelegate.swift */; };
		8B3271AB229A5E3E005FCBB7 /* Assets.xcassets in Resources */ = {isa = PBXBuildFile; fileRef = 8B3271AA229A5E3E005FCBB7 /* Assets.xcassets */; };
		8B3271AE229A5E3E005FCBB7 /* MainMenu.xib in Resources */ = {isa = PBXBuildFile; fileRef = 8B3271AC229A5E3E005FCBB7 /* MainMenu.xib */; };
		8B3271BA229A5E3E005FCBB7 /* GenI2CTests.swift in Sources */ = {isa = PBXBuildFile; fileRef = 8B3271B9229A5E3E005FCBB7 /* GenI2CTests.swift */; };
		8B3271C5229A5E3E005FCBB7 /* GenI2CUITests.swift in Sources */ = {isa = PBXBuildFile; fileRef = 8B3271C4229A5E3E005FCBB7 /* GenI2CUITests.swift */; };
		8B355DAC22B4D26800BB042B /* iasl in Resources */ = {isa = PBXBuildFile; fileRef = 8B355DAB22B4D26700BB042B /* iasl */; };
		8B355DAE22B4E4EA00BB042B /* maclog in Resources */ = {isa = PBXBuildFile; fileRef = 8B355DAD22B4E4EA00BB042B /* maclog */; };
/* End PBXBuildFile section */

/* Begin PBXContainerItemProxy section */
		8B3271B6229A5E3E005FCBB7 /* PBXContainerItemProxy */ = {
			isa = PBXContainerItemProxy;
			containerPortal = 8B32719D229A5E3D005FCBB7 /* Project object */;
			proxyType = 1;
			remoteGlobalIDString = 8B3271A4229A5E3D005FCBB7;
			remoteInfo = GenI2C;
		};
		8B3271C1229A5E3E005FCBB7 /* PBXContainerItemProxy */ = {
			isa = PBXContainerItemProxy;
			containerPortal = 8B32719D229A5E3D005FCBB7 /* Project object */;
			proxyType = 1;
			remoteGlobalIDString = 8B3271A4229A5E3D005FCBB7;
			remoteInfo = GenI2C;
		};
/* End PBXContainerItemProxy section */

/* Begin PBXFileReference section */
		50DE26ED22B3446100B87104 /* zh-Hans */ = {isa = PBXFileReference; lastKnownFileType = text.plist.strings; name = "zh-Hans"; path = "zh-Hans.lproj/MainMenu.strings"; sourceTree = "<group>"; };
		8B3271A5229A5E3D005FCBB7 /* GenI2C.app */ = {isa = PBXFileReference; explicitFileType = wrapper.application; includeInIndex = 0; path = GenI2C.app; sourceTree = BUILT_PRODUCTS_DIR; };
		8B3271A8229A5E3D005FCBB7 /* AppDelegate.swift */ = {isa = PBXFileReference; lastKnownFileType = sourcecode.swift; path = AppDelegate.swift; sourceTree = "<group>"; };
		8B3271AA229A5E3E005FCBB7 /* Assets.xcassets */ = {isa = PBXFileReference; lastKnownFileType = folder.assetcatalog; path = Assets.xcassets; sourceTree = "<group>"; };
		8B3271AD229A5E3E005FCBB7 /* Base */ = {isa = PBXFileReference; lastKnownFileType = file.xib; name = Base; path = Base.lproj/MainMenu.xib; sourceTree = "<group>"; };
		8B3271AF229A5E3E005FCBB7 /* Info.plist */ = {isa = PBXFileReference; lastKnownFileType = text.plist.xml; path = Info.plist; sourceTree = "<group>"; };
		8B3271B0229A5E3E005FCBB7 /* GenI2C.entitlements */ = {isa = PBXFileReference; lastKnownFileType = text.plist.entitlements; path = GenI2C.entitlements; sourceTree = "<group>"; };
		8B3271B5229A5E3E005FCBB7 /* GenI2CTests.xctest */ = {isa = PBXFileReference; explicitFileType = wrapper.cfbundle; includeInIndex = 0; path = GenI2CTests.xctest; sourceTree = BUILT_PRODUCTS_DIR; };
		8B3271B9229A5E3E005FCBB7 /* GenI2CTests.swift */ = {isa = PBXFileReference; lastKnownFileType = sourcecode.swift; path = GenI2CTests.swift; sourceTree = "<group>"; };
		8B3271BB229A5E3E005FCBB7 /* Info.plist */ = {isa = PBXFileReference; lastKnownFileType = text.plist.xml; path = Info.plist; sourceTree = "<group>"; };
		8B3271C0229A5E3E005FCBB7 /* GenI2CUITests.xctest */ = {isa = PBXFileReference; explicitFileType = wrapper.cfbundle; includeInIndex = 0; path = GenI2CUITests.xctest; sourceTree = BUILT_PRODUCTS_DIR; };
		8B3271C4229A5E3E005FCBB7 /* GenI2CUITests.swift */ = {isa = PBXFileReference; lastKnownFileType = sourcecode.swift; path = GenI2CUITests.swift; sourceTree = "<group>"; };
		8B3271C6229A5E3E005FCBB7 /* Info.plist */ = {isa = PBXFileReference; lastKnownFileType = text.plist.xml; path = Info.plist; sourceTree = "<group>"; };
		8B355DAB22B4D26700BB042B /* iasl */ = {isa = PBXFileReference; lastKnownFileType = "compiled.mach-o.executable"; path = iasl; sourceTree = "<group>"; };
		8B355DAD22B4E4EA00BB042B /* maclog */ = {isa = PBXFileReference; lastKnownFileType = "compiled.mach-o.executable"; path = maclog; sourceTree = "<group>"; };
/* End PBXFileReference section */

/* Begin PBXFrameworksBuildPhase section */
		8B3271A2229A5E3D005FCBB7 /* Frameworks */ = {
			isa = PBXFrameworksBuildPhase;
			buildActionMask = 2147483647;
			files = (
			);
			runOnlyForDeploymentPostprocessing = 0;
		};
		8B3271B2229A5E3E005FCBB7 /* Frameworks */ = {
			isa = PBXFrameworksBuildPhase;
			buildActionMask = 2147483647;
			files = (
			);
			runOnlyForDeploymentPostprocessing = 0;
		};
		8B3271BD229A5E3E005FCBB7 /* Frameworks */ = {
			isa = PBXFrameworksBuildPhase;
			buildActionMask = 2147483647;
			files = (
			);
			runOnlyForDeploymentPostprocessing = 0;
		};
/* End PBXFrameworksBuildPhase section */

/* Begin PBXGroup section */
		8B32719C229A5E3D005FCBB7 = {
			isa = PBXGroup;
			children = (
				8B3271A7229A5E3D005FCBB7 /* GenI2C */,
				8B3271B8229A5E3E005FCBB7 /* GenI2CTests */,
				8B3271C3229A5E3E005FCBB7 /* GenI2CUITests */,
				8B3271A6229A5E3D005FCBB7 /* Products */,
			);
			sourceTree = "<group>";
		};
		8B3271A6229A5E3D005FCBB7 /* Products */ = {
			isa = PBXGroup;
			children = (
				8B3271A5229A5E3D005FCBB7 /* GenI2C.app */,
				8B3271B5229A5E3E005FCBB7 /* GenI2CTests.xctest */,
				8B3271C0229A5E3E005FCBB7 /* GenI2CUITests.xctest */,
			);
			name = Products;
			sourceTree = "<group>";
		};
		8B3271A7229A5E3D005FCBB7 /* GenI2C */ = {
			isa = PBXGroup;
			children = (
				8B3271A8229A5E3D005FCBB7 /* AppDelegate.swift */,
				8B3271AA229A5E3E005FCBB7 /* Assets.xcassets */,
				8B3271AC229A5E3E005FCBB7 /* MainMenu.xib */,
				8B3271AF229A5E3E005FCBB7 /* Info.plist */,
				8B3271B0229A5E3E005FCBB7 /* GenI2C.entitlements */,
				8B355DAB22B4D26700BB042B /* iasl */,
				8B355DAD22B4E4EA00BB042B /* maclog */,
			);
			path = GenI2C;
			sourceTree = "<group>";
		};
		8B3271B8229A5E3E005FCBB7 /* GenI2CTests */ = {
			isa = PBXGroup;
			children = (
				8B3271B9229A5E3E005FCBB7 /* GenI2CTests.swift */,
				8B3271BB229A5E3E005FCBB7 /* Info.plist */,
			);
			path = GenI2CTests;
			sourceTree = "<group>";
		};
		8B3271C3229A5E3E005FCBB7 /* GenI2CUITests */ = {
			isa = PBXGroup;
			children = (
				8B3271C4229A5E3E005FCBB7 /* GenI2CUITests.swift */,
				8B3271C6229A5E3E005FCBB7 /* Info.plist */,
			);
			path = GenI2CUITests;
			sourceTree = "<group>";
		};
/* End PBXGroup section */

/* Begin PBXNativeTarget section */
		8B3271A4229A5E3D005FCBB7 /* GenI2C */ = {
			isa = PBXNativeTarget;
			buildConfigurationList = 8B3271C9229A5E3E005FCBB7 /* Build configuration list for PBXNativeTarget "GenI2C" */;
			buildPhases = (
				8B3271A1229A5E3D005FCBB7 /* Sources */,
				8B3271A2229A5E3D005FCBB7 /* Frameworks */,
				8B3271A3229A5E3D005FCBB7 /* Resources */,
			);
			buildRules = (
			);
			dependencies = (
			);
			name = GenI2C;
			productName = GenI2C;
			productReference = 8B3271A5229A5E3D005FCBB7 /* GenI2C.app */;
			productType = "com.apple.product-type.application";
		};
		8B3271B4229A5E3E005FCBB7 /* GenI2CTests */ = {
			isa = PBXNativeTarget;
			buildConfigurationList = 8B3271CC229A5E3E005FCBB7 /* Build configuration list for PBXNativeTarget "GenI2CTests" */;
			buildPhases = (
				8B3271B1229A5E3E005FCBB7 /* Sources */,
				8B3271B2229A5E3E005FCBB7 /* Frameworks */,
				8B3271B3229A5E3E005FCBB7 /* Resources */,
			);
			buildRules = (
			);
			dependencies = (
				8B3271B7229A5E3E005FCBB7 /* PBXTargetDependency */,
			);
			name = GenI2CTests;
			productName = GenI2CTests;
			productReference = 8B3271B5229A5E3E005FCBB7 /* GenI2CTests.xctest */;
			productType = "com.apple.product-type.bundle.unit-test";
		};
		8B3271BF229A5E3E005FCBB7 /* GenI2CUITests */ = {
			isa = PBXNativeTarget;
			buildConfigurationList = 8B3271CF229A5E3E005FCBB7 /* Build configuration list for PBXNativeTarget "GenI2CUITests" */;
			buildPhases = (
				8B3271BC229A5E3E005FCBB7 /* Sources */,
				8B3271BD229A5E3E005FCBB7 /* Frameworks */,
				8B3271BE229A5E3E005FCBB7 /* Resources */,
			);
			buildRules = (
			);
			dependencies = (
				8B3271C2229A5E3E005FCBB7 /* PBXTargetDependency */,
			);
			name = GenI2CUITests;
			productName = GenI2CUITests;
			productReference = 8B3271C0229A5E3E005FCBB7 /* GenI2CUITests.xctest */;
			productType = "com.apple.product-type.bundle.ui-testing";
		};
/* End PBXNativeTarget section */

/* Begin PBXProject section */
		8B32719D229A5E3D005FCBB7 /* Project object */ = {
			isa = PBXProject;
			attributes = {
				LastSwiftUpdateCheck = 1020;
				LastUpgradeCheck = 1020;
				ORGANIZATIONNAME = "梁怀宇";
				TargetAttributes = {
					8B3271A4229A5E3D005FCBB7 = {
						CreatedOnToolsVersion = 10.2.1;
						SystemCapabilities = {
							com.apple.Sandbox = {
								enabled = 0;
							};
						};
					};
					8B3271B4229A5E3E005FCBB7 = {
						CreatedOnToolsVersion = 10.2.1;
						TestTargetID = 8B3271A4229A5E3D005FCBB7;
					};
					8B3271BF229A5E3E005FCBB7 = {
						CreatedOnToolsVersion = 10.2.1;
						TestTargetID = 8B3271A4229A5E3D005FCBB7;
					};
				};
			};
			buildConfigurationList = 8B3271A0229A5E3D005FCBB7 /* Build configuration list for PBXProject "GenI2C" */;
			compatibilityVersion = "Xcode 9.3";
			developmentRegion = en;
			hasScannedForEncodings = 0;
			knownRegions = (
				en,
				Base,
				"zh-Hans",
			);
			mainGroup = 8B32719C229A5E3D005FCBB7;
			productRefGroup = 8B3271A6229A5E3D005FCBB7 /* Products */;
			projectDirPath = "";
			projectRoot = "";
			targets = (
				8B3271A4229A5E3D005FCBB7 /* GenI2C */,
				8B3271B4229A5E3E005FCBB7 /* GenI2CTests */,
				8B3271BF229A5E3E005FCBB7 /* GenI2CUITests */,
			);
		};
/* End PBXProject section */

/* Begin PBXResourcesBuildPhase section */
		8B3271A3229A5E3D005FCBB7 /* Resources */ = {
			isa = PBXResourcesBuildPhase;
			buildActionMask = 2147483647;
			files = (
				8B3271AB229A5E3E005FCBB7 /* Assets.xcassets in Resources */,
				8B355DAE22B4E4EA00BB042B /* maclog in Resources */,
				8B355DAC22B4D26800BB042B /* iasl in Resources */,
				8B3271AE229A5E3E005FCBB7 /* MainMenu.xib in Resources */,
			);
			runOnlyForDeploymentPostprocessing = 0;
		};
		8B3271B3229A5E3E005FCBB7 /* Resources */ = {
			isa = PBXResourcesBuildPhase;
			buildActionMask = 2147483647;
			files = (
			);
			runOnlyForDeploymentPostprocessing = 0;
		};
		8B3271BE229A5E3E005FCBB7 /* Resources */ = {
			isa = PBXResourcesBuildPhase;
			buildActionMask = 2147483647;
			files = (
			);
			runOnlyForDeploymentPostprocessing = 0;
		};
/* End PBXResourcesBuildPhase section */

/* Begin PBXSourcesBuildPhase section */
		8B3271A1229A5E3D005FCBB7 /* Sources */ = {
			isa = PBXSourcesBuildPhase;
			buildActionMask = 2147483647;
			files = (
				8B3271A9229A5E3D005FCBB7 /* AppDelegate.swift in Sources */,
			);
			runOnlyForDeploymentPostprocessing = 0;
		};
		8B3271B1229A5E3E005FCBB7 /* Sources */ = {
			isa = PBXSourcesBuildPhase;
			buildActionMask = 2147483647;
			files = (
				8B3271BA229A5E3E005FCBB7 /* GenI2CTests.swift in Sources */,
			);
			runOnlyForDeploymentPostprocessing = 0;
		};
		8B3271BC229A5E3E005FCBB7 /* Sources */ = {
			isa = PBXSourcesBuildPhase;
			buildActionMask = 2147483647;
			files = (
				8B3271C5229A5E3E005FCBB7 /* GenI2CUITests.swift in Sources */,
			);
			runOnlyForDeploymentPostprocessing = 0;
		};
/* End PBXSourcesBuildPhase section */

/* Begin PBXTargetDependency section */
		8B3271B7229A5E3E005FCBB7 /* PBXTargetDependency */ = {
			isa = PBXTargetDependency;
			target = 8B3271A4229A5E3D005FCBB7 /* GenI2C */;
			targetProxy = 8B3271B6229A5E3E005FCBB7 /* PBXContainerItemProxy */;
		};
		8B3271C2229A5E3E005FCBB7 /* PBXTargetDependency */ = {
			isa = PBXTargetDependency;
			target = 8B3271A4229A5E3D005FCBB7 /* GenI2C */;
			targetProxy = 8B3271C1229A5E3E005FCBB7 /* PBXContainerItemProxy */;
		};
/* End PBXTargetDependency section */

/* Begin PBXVariantGroup section */
		8B3271AC229A5E3E005FCBB7 /* MainMenu.xib */ = {
			isa = PBXVariantGroup;
			children = (
				8B3271AD229A5E3E005FCBB7 /* Base */,
				50DE26ED22B3446100B87104 /* zh-Hans */,
			);
			name = MainMenu.xib;
			sourceTree = "<group>";
		};
/* End PBXVariantGroup section */

/* Begin XCBuildConfiguration section */
		8B3271C7229A5E3E005FCBB7 /* Debug */ = {
			isa = XCBuildConfiguration;
			buildSettings = {
				ALWAYS_SEARCH_USER_PATHS = NO;
				CLANG_ANALYZER_LOCALIZABILITY_NONLOCALIZED = YES;
				CLANG_ANALYZER_NONNULL = YES;
				CLANG_ANALYZER_NUMBER_OBJECT_CONVERSION = YES_AGGRESSIVE;
				CLANG_CXX_LANGUAGE_STANDARD = "gnu++14";
				CLANG_CXX_LIBRARY = "libc++";
				CLANG_ENABLE_MODULES = YES;
				CLANG_ENABLE_OBJC_ARC = YES;
				CLANG_ENABLE_OBJC_WEAK = YES;
				CLANG_WARN_BLOCK_CAPTURE_AUTORELEASING = YES;
				CLANG_WARN_BOOL_CONVERSION = YES;
				CLANG_WARN_COMMA = YES;
				CLANG_WARN_CONSTANT_CONVERSION = YES;
				CLANG_WARN_DEPRECATED_OBJC_IMPLEMENTATIONS = YES;
				CLANG_WARN_DIRECT_OBJC_ISA_USAGE = YES_ERROR;
				CLANG_WARN_DOCUMENTATION_COMMENTS = YES;
				CLANG_WARN_EMPTY_BODY = YES;
				CLANG_WARN_ENUM_CONVERSION = YES;
				CLANG_WARN_INFINITE_RECURSION = YES;
				CLANG_WARN_INT_CONVERSION = YES;
				CLANG_WARN_NON_LITERAL_NULL_CONVERSION = YES;
				CLANG_WARN_OBJC_IMPLICIT_RETAIN_SELF = YES;
				CLANG_WARN_OBJC_LITERAL_CONVERSION = YES;
				CLANG_WARN_OBJC_ROOT_CLASS = YES_ERROR;
				CLANG_WARN_RANGE_LOOP_ANALYSIS = YES;
				CLANG_WARN_STRICT_PROTOTYPES = YES;
				CLANG_WARN_SUSPICIOUS_MOVE = YES;
				CLANG_WARN_UNGUARDED_AVAILABILITY = YES_AGGRESSIVE;
				CLANG_WARN_UNREACHABLE_CODE = YES;
				CLANG_WARN__DUPLICATE_METHOD_MATCH = YES;
				CODE_SIGN_IDENTITY = "-";
				COPY_PHASE_STRIP = NO;
				DEBUG_INFORMATION_FORMAT = dwarf;
				ENABLE_STRICT_OBJC_MSGSEND = YES;
				ENABLE_TESTABILITY = YES;
				GCC_C_LANGUAGE_STANDARD = gnu11;
				GCC_DYNAMIC_NO_PIC = NO;
				GCC_NO_COMMON_BLOCKS = YES;
				GCC_OPTIMIZATION_LEVEL = 0;
				GCC_PREPROCESSOR_DEFINITIONS = (
					"DEBUG=1",
					"$(inherited)",
				);
				GCC_WARN_64_TO_32_BIT_CONVERSION = YES;
				GCC_WARN_ABOUT_RETURN_TYPE = YES_ERROR;
				GCC_WARN_UNDECLARED_SELECTOR = YES;
				GCC_WARN_UNINITIALIZED_AUTOS = YES_AGGRESSIVE;
				GCC_WARN_UNUSED_FUNCTION = YES;
				GCC_WARN_UNUSED_VARIABLE = YES;
				MACOSX_DEPLOYMENT_TARGET = 10.14;
				MTL_ENABLE_DEBUG_INFO = INCLUDE_SOURCE;
				MTL_FAST_MATH = YES;
				ONLY_ACTIVE_ARCH = YES;
				SDKROOT = macosx;
				SWIFT_ACTIVE_COMPILATION_CONDITIONS = DEBUG;
				SWIFT_OPTIMIZATION_LEVEL = "-Onone";
			};
			name = Debug;
		};
		8B3271C8229A5E3E005FCBB7 /* Release */ = {
			isa = XCBuildConfiguration;
			buildSettings = {
				ALWAYS_SEARCH_USER_PATHS = NO;
				CLANG_ANALYZER_LOCALIZABILITY_NONLOCALIZED = YES;
				CLANG_ANALYZER_NONNULL = YES;
				CLANG_ANALYZER_NUMBER_OBJECT_CONVERSION = YES_AGGRESSIVE;
				CLANG_CXX_LANGUAGE_STANDARD = "gnu++14";
				CLANG_CXX_LIBRARY = "libc++";
				CLANG_ENABLE_MODULES = YES;
				CLANG_ENABLE_OBJC_ARC = YES;
				CLANG_ENABLE_OBJC_WEAK = YES;
				CLANG_WARN_BLOCK_CAPTURE_AUTORELEASING = YES;
				CLANG_WARN_BOOL_CONVERSION = YES;
				CLANG_WARN_COMMA = YES;
				CLANG_WARN_CONSTANT_CONVERSION = YES;
				CLANG_WARN_DEPRECATED_OBJC_IMPLEMENTATIONS = YES;
				CLANG_WARN_DIRECT_OBJC_ISA_USAGE = YES_ERROR;
				CLANG_WARN_DOCUMENTATION_COMMENTS = YES;
				CLANG_WARN_EMPTY_BODY = YES;
				CLANG_WARN_ENUM_CONVERSION = YES;
				CLANG_WARN_INFINITE_RECURSION = YES;
				CLANG_WARN_INT_CONVERSION = YES;
				CLANG_WARN_NON_LITERAL_NULL_CONVERSION = YES;
				CLANG_WARN_OBJC_IMPLICIT_RETAIN_SELF = YES;
				CLANG_WARN_OBJC_LITERAL_CONVERSION = YES;
				CLANG_WARN_OBJC_ROOT_CLASS = YES_ERROR;
				CLANG_WARN_RANGE_LOOP_ANALYSIS = YES;
				CLANG_WARN_STRICT_PROTOTYPES = YES;
				CLANG_WARN_SUSPICIOUS_MOVE = YES;
				CLANG_WARN_UNGUARDED_AVAILABILITY = YES_AGGRESSIVE;
				CLANG_WARN_UNREACHABLE_CODE = YES;
				CLANG_WARN__DUPLICATE_METHOD_MATCH = YES;
				CODE_SIGN_IDENTITY = "-";
				COPY_PHASE_STRIP = NO;
				DEBUG_INFORMATION_FORMAT = "dwarf-with-dsym";
				ENABLE_NS_ASSERTIONS = NO;
				ENABLE_STRICT_OBJC_MSGSEND = YES;
				GCC_C_LANGUAGE_STANDARD = gnu11;
				GCC_NO_COMMON_BLOCKS = YES;
				GCC_WARN_64_TO_32_BIT_CONVERSION = YES;
				GCC_WARN_ABOUT_RETURN_TYPE = YES_ERROR;
				GCC_WARN_UNDECLARED_SELECTOR = YES;
				GCC_WARN_UNINITIALIZED_AUTOS = YES_AGGRESSIVE;
				GCC_WARN_UNUSED_FUNCTION = YES;
				GCC_WARN_UNUSED_VARIABLE = YES;
				MACOSX_DEPLOYMENT_TARGET = 10.14;
				MTL_ENABLE_DEBUG_INFO = NO;
				MTL_FAST_MATH = YES;
				SDKROOT = macosx;
				SWIFT_COMPILATION_MODE = wholemodule;
				SWIFT_OPTIMIZATION_LEVEL = "-O";
			};
			name = Release;
		};
		8B3271CA229A5E3E005FCBB7 /* Debug */ = {
			isa = XCBuildConfiguration;
			buildSettings = {
				ASSETCATALOG_COMPILER_APPICON_NAME = AppIcon;
				CODE_SIGN_STYLE = Automatic;
				COMBINE_HIDPI_IMAGES = YES;
				INFOPLIST_FILE = GenI2C/Info.plist;
				LD_RUNPATH_SEARCH_PATHS = (
					"$(inherited)",
					"@executable_path/../Frameworks",
				);
				PRODUCT_BUNDLE_IDENTIFIER = com.lhy.GenI2C;
				PRODUCT_NAME = "$(TARGET_NAME)";
				SWIFT_VERSION = 5.0;
			};
			name = Debug;
		};
		8B3271CB229A5E3E005FCBB7 /* Release */ = {
			isa = XCBuildConfiguration;
			buildSettings = {
				ASSETCATALOG_COMPILER_APPICON_NAME = AppIcon;
				CODE_SIGN_STYLE = Automatic;
				COMBINE_HIDPI_IMAGES = YES;
				INFOPLIST_FILE = GenI2C/Info.plist;
				LD_RUNPATH_SEARCH_PATHS = (
					"$(inherited)",
					"@executable_path/../Frameworks",
				);
				PRODUCT_BUNDLE_IDENTIFIER = com.lhy.GenI2C;
				PRODUCT_NAME = "$(TARGET_NAME)";
				SWIFT_VERSION = 5.0;
			};
			name = Release;
		};
		8B3271CD229A5E3E005FCBB7 /* Debug */ = {
			isa = XCBuildConfiguration;
			buildSettings = {
				ALWAYS_EMBED_SWIFT_STANDARD_LIBRARIES = YES;
				BUNDLE_LOADER = "$(TEST_HOST)";
				CODE_SIGN_STYLE = Automatic;
				COMBINE_HIDPI_IMAGES = YES;
				INFOPLIST_FILE = GenI2CTests/Info.plist;
				LD_RUNPATH_SEARCH_PATHS = (
					"$(inherited)",
					"@executable_path/../Frameworks",
					"@loader_path/../Frameworks",
				);
				PRODUCT_BUNDLE_IDENTIFIER = com.lhy.GenI2CTests;
				PRODUCT_NAME = "$(TARGET_NAME)";
				SWIFT_VERSION = 5.0;
				TEST_HOST = "$(BUILT_PRODUCTS_DIR)/GenI2C.app/Contents/MacOS/GenI2C";
			};
			name = Debug;
		};
		8B3271CE229A5E3E005FCBB7 /* Release */ = {
			isa = XCBuildConfiguration;
			buildSettings = {
				ALWAYS_EMBED_SWIFT_STANDARD_LIBRARIES = YES;
				BUNDLE_LOADER = "$(TEST_HOST)";
				CODE_SIGN_STYLE = Automatic;
				COMBINE_HIDPI_IMAGES = YES;
				INFOPLIST_FILE = GenI2CTests/Info.plist;
				LD_RUNPATH_SEARCH_PATHS = (
					"$(inherited)",
					"@executable_path/../Frameworks",
					"@loader_path/../Frameworks",
				);
				PRODUCT_BUNDLE_IDENTIFIER = com.lhy.GenI2CTests;
				PRODUCT_NAME = "$(TARGET_NAME)";
				SWIFT_VERSION = 5.0;
				TEST_HOST = "$(BUILT_PRODUCTS_DIR)/GenI2C.app/Contents/MacOS/GenI2C";
			};
			name = Release;
		};
		8B3271D0229A5E3E005FCBB7 /* Debug */ = {
			isa = XCBuildConfiguration;
			buildSettings = {
				ALWAYS_EMBED_SWIFT_STANDARD_LIBRARIES = YES;
				CODE_SIGN_STYLE = Automatic;
				COMBINE_HIDPI_IMAGES = YES;
				INFOPLIST_FILE = GenI2CUITests/Info.plist;
				LD_RUNPATH_SEARCH_PATHS = (
					"$(inherited)",
					"@executable_path/../Frameworks",
					"@loader_path/../Frameworks",
				);
				PRODUCT_BUNDLE_IDENTIFIER = com.lhy.GenI2CUITests;
				PRODUCT_NAME = "$(TARGET_NAME)";
				SWIFT_VERSION = 5.0;
				TEST_TARGET_NAME = GenI2C;
			};
			name = Debug;
		};
		8B3271D1229A5E3E005FCBB7 /* Release */ = {
			isa = XCBuildConfiguration;
			buildSettings = {
				ALWAYS_EMBED_SWIFT_STANDARD_LIBRARIES = YES;
				CODE_SIGN_STYLE = Automatic;
				COMBINE_HIDPI_IMAGES = YES;
				INFOPLIST_FILE = GenI2CUITests/Info.plist;
				LD_RUNPATH_SEARCH_PATHS = (
					"$(inherited)",
					"@executable_path/../Frameworks",
					"@loader_path/../Frameworks",
				);
				PRODUCT_BUNDLE_IDENTIFIER = com.lhy.GenI2CUITests;
				PRODUCT_NAME = "$(TARGET_NAME)";
				SWIFT_VERSION = 5.0;
				TEST_TARGET_NAME = GenI2C;
			};
			name = Release;
		};
/* End XCBuildConfiguration section */

/* Begin XCConfigurationList section */
		8B3271A0229A5E3D005FCBB7 /* Build configuration list for PBXProject "GenI2C" */ = {
			isa = XCConfigurationList;
			buildConfigurations = (
				8B3271C7229A5E3E005FCBB7 /* Debug */,
				8B3271C8229A5E3E005FCBB7 /* Release */,
			);
			defaultConfigurationIsVisible = 0;
			defaultConfigurationName = Release;
		};
		8B3271C9229A5E3E005FCBB7 /* Build configuration list for PBXNativeTarget "GenI2C" */ = {
			isa = XCConfigurationList;
			buildConfigurations = (
				8B3271CA229A5E3E005FCBB7 /* Debug */,
				8B3271CB229A5E3E005FCBB7 /* Release */,
			);
			defaultConfigurationIsVisible = 0;
			defaultConfigurationName = Release;
		};
		8B3271CC229A5E3E005FCBB7 /* Build configuration list for PBXNativeTarget "GenI2CTests" */ = {
			isa = XCConfigurationList;
			buildConfigurations = (
				8B3271CD229A5E3E005FCBB7 /* Debug */,
				8B3271CE229A5E3E005FCBB7 /* Release */,
			);
			defaultConfigurationIsVisible = 0;
			defaultConfigurationName = Release;
		};
		8B3271CF229A5E3E005FCBB7 /* Build configuration list for PBXNativeTarget "GenI2CUITests" */ = {
			isa = XCConfigurationList;
			buildConfigurations = (
				8B3271D0229A5E3E005FCBB7 /* Debug */,
				8B3271D1229A5E3E005FCBB7 /* Release */,
			);
			defaultConfigurationIsVisible = 0;
			defaultConfigurationName = Release;
		};
/* End XCConfigurationList section */
	};
	rootObject = 8B32719D229A5E3D005FCBB7 /* Project object */;
}
